{
  "name": "topicsBrowser",
  "version": "1.0.0",
  "lockfileVersion": 1,
  "requires": true,
  "dependencies": {
    "@material/animation": {
      "version": "0.41.0",
      "resolved": "https://registry.npmjs.org/@material/animation/-/animation-0.41.0.tgz",
      "integrity": "sha512-yYAwJbX3Q2AFd4dr6IYOsWLQy2HN8zWOFVl9AbUXunjzTfJCa/ecfXCriaT6qkmoNoHeTdJHRrsQJZC5GsPvzA=="
    },
    "@material/base": {
      "version": "0.41.0",
      "resolved": "https://registry.npmjs.org/@material/base/-/base-0.41.0.tgz",
      "integrity": "sha512-tEyzwBRu3d1H120SfKsDVYZHcqT5lKohh/7cWKR93aAaPDkSvjpKJIjyu2yuSkjpDduVZGzVocYbOvhUKhhzXQ=="
    },
    "@material/button": {
      "version": "0.44.1",
      "resolved": "https://registry.npmjs.org/@material/button/-/button-0.44.1.tgz",
      "integrity": "sha512-+eI0nI2zkxZOanPfeWzZPoQDbv2NqgUhUhPxERKoXEqkyJIne7gWRYMHqHjKPctsD2xmzgqGmGCLcrvhgFZ+FQ==",
      "requires": {
        "@material/elevation": "^0.44.1",
        "@material/feature-targeting": "^0.44.1",
        "@material/ripple": "^0.44.1",
        "@material/rtl": "^0.42.0",
        "@material/shape": "^0.44.1",
        "@material/theme": "^0.43.0",
        "@material/typography": "^0.44.1"
      }
    },
    "@material/dom": {
      "version": "0.41.0",
      "resolved": "https://registry.npmjs.org/@material/dom/-/dom-0.41.0.tgz",
      "integrity": "sha512-wOJrMwjPddYXpQFZAIaCLWI3TO/6KU1lxESTBzunni8A4FHQVWhokml5Xt85GqZwmPFeIF2s+D0wfbWyrGBuKQ=="
    },
    "@material/elevation": {
      "version": "0.44.1",
      "resolved": "https://registry.npmjs.org/@material/elevation/-/elevation-0.44.1.tgz",
      "integrity": "sha512-Gr2x/FHysM4ty7sctLPT48pw7YItLZvhXsB4ZzXpdhuy7QshxllBW9NGlAMffzrmNu16MTl3ouGzbhArUYz4jw==",
      "requires": {
        "@material/animation": "^0.41.0",
        "@material/feature-targeting": "^0.44.1",
        "@material/theme": "^0.43.0"
      }
    },
    "@material/feature-targeting": {
      "version": "0.44.1",
      "resolved": "https://registry.npmjs.org/@material/feature-targeting/-/feature-targeting-0.44.1.tgz",
      "integrity": "sha512-90cc7njn4aHbH9UxY8qgZth1W5JgOgcEdWdubH1t7sFkwqFxS5g3zgxSBt46TygFBVIXNZNq35Xmg80wgqO7Pg=="
    },
    "@material/floating-label": {
      "version": "0.44.1",
      "resolved": "https://registry.npmjs.org/@material/floating-label/-/floating-label-0.44.1.tgz",
      "integrity": "sha512-umj5q5feJcZuB8snRX5aVBrwQNnrt/HcvN7pENzgqaYZNcmBnxRl0OutTlHCn6l7OVU9VlWhFMf77DYwmMWKJQ==",
      "requires": {
        "@material/animation": "^0.41.0",
        "@material/base": "^0.41.0",
        "@material/rtl": "^0.42.0",
        "@material/theme": "^0.43.0",
        "@material/typography": "^0.44.1"
      }
    },
    "@material/icon-button": {
      "version": "0.44.1",
      "resolved": "https://registry.npmjs.org/@material/icon-button/-/icon-button-0.44.1.tgz",
      "integrity": "sha512-46fLWwqLjer3w1h1HvfNsVuBmNwg+rFbIrLBzUXSb9iM6YlunjBNwPZI5KTmVpt04GkzVI2h4o2ej8dOdvQWOg==",
      "requires": {
        "@material/base": "^0.41.0",
        "@material/ripple": "^0.44.1",
        "@material/theme": "^0.43.0"
      }
    },
    "@material/line-ripple": {
      "version": "0.43.0",
      "resolved": "https://registry.npmjs.org/@material/line-ripple/-/line-ripple-0.43.0.tgz",
      "integrity": "sha512-sXZYW4Em5uLEnAuVsQCO+sVHsTg7J2TOTJ0+akwZFMmd2tmNicjarQdlGIE9iU7Wjm51NOoLAu6Mz+8kLg90bQ==",
      "requires": {
        "@material/animation": "^0.41.0",
        "@material/base": "^0.41.0",
        "@material/theme": "^0.43.0"
      }
    },
    "@material/list": {
      "version": "0.44.1",
      "resolved": "https://registry.npmjs.org/@material/list/-/list-0.44.1.tgz",
      "integrity": "sha512-k0I8qCIlcT94efS1tHtNvOxbgUq7W4EAl6QN7Q1cHMPtVW2dan1SzUHMbacQzd3sIYDTtnxRYoM7MeNAwwl8LA==",
      "requires": {
        "@material/base": "^0.41.0",
        "@material/dom": "^0.41.0",
        "@material/feature-targeting": "^0.44.1",
        "@material/ripple": "^0.44.1",
        "@material/rtl": "^0.42.0",
        "@material/shape": "^0.44.1",
        "@material/theme": "^0.43.0",
        "@material/typography": "^0.44.1"
      }
    },
    "@material/menu": {
      "version": "0.44.1",
      "resolved": "https://registry.npmjs.org/@material/menu/-/menu-0.44.1.tgz",
      "integrity": "sha512-2qHUfyx1CoUbnw8BD220IKGzGta/ZlPtYQgQrE1qA9K4eR0wQpwXqfWxo77hz+EbIqtdsKphwiiDI18jhmHqcw==",
      "requires": {
        "@material/base": "^0.41.0",
        "@material/feature-targeting": "^0.44.1",
        "@material/list": "^0.44.1",
        "@material/menu-surface": "^0.44.1",
        "@material/ripple": "^0.44.1",
        "@material/rtl": "^0.42.0"
      }
    },
    "@material/menu-surface": {
      "version": "0.44.1",
      "resolved": "https://registry.npmjs.org/@material/menu-surface/-/menu-surface-0.44.1.tgz",
      "integrity": "sha512-mRTyG1fLtlLCB0syAEKi9Hbvl8su1Lw4z/Miymr01Bfqpvc2hZxVf5bYJ0wuf4RqW32Ch1JkEDI/c5kM2VlCYQ==",
      "requires": {
        "@material/animation": "^0.41.0",
        "@material/base": "^0.41.0",
        "@material/elevation": "^0.44.1",
        "@material/feature-targeting": "^0.44.1",
        "@material/rtl": "^0.42.0",
        "@material/shape": "^0.44.1",
        "@material/theme": "^0.43.0"
      }
    },
    "@material/notched-outline": {
      "version": "0.44.1",
      "resolved": "https://registry.npmjs.org/@material/notched-outline/-/notched-outline-0.44.1.tgz",
      "integrity": "sha512-x1ZJtrrqZgXT8gYE7aRF+6hTWpX7XaKZzsuwD+e0HBsogYNNsYmkBdLjl4YwhhFuHhX8vWzgkay41GtbgQx84Q==",
      "requires": {
        "@material/animation": "^0.41.0",
        "@material/base": "^0.41.0",
        "@material/floating-label": "^0.44.1",
        "@material/rtl": "^0.42.0",
        "@material/shape": "^0.44.1",
        "@material/theme": "^0.43.0"
      }
    },
    "@material/ripple": {
      "version": "0.44.1",
      "resolved": "https://registry.npmjs.org/@material/ripple/-/ripple-0.44.1.tgz",
      "integrity": "sha512-prJ1p3bR+GvwAtJgtdeIixsnRVApN3bizGnX7upKoqxsqbBDHj84JxaO8EsG9bjruG/LJu8Fb6WKKdIp2oXHTA==",
      "requires": {
        "@material/animation": "^0.41.0",
        "@material/base": "^0.41.0",
        "@material/feature-targeting": "^0.44.1",
        "@material/theme": "^0.43.0"
      }
    },
    "@material/rtl": {
      "version": "0.42.0",
      "resolved": "https://registry.npmjs.org/@material/rtl/-/rtl-0.42.0.tgz",
      "integrity": "sha512-VrnrKJzhmspsN8WXHuxxBZ69yM5IwhCUqWr1t1eNfw3ZEvEj7i1g3P31HGowKThIN1dc1Wh4LE14rCISWCtv5w=="
    },
    "@material/select": {
      "version": "0.44.1",
      "resolved": "https://registry.npmjs.org/@material/select/-/select-0.44.1.tgz",
      "integrity": "sha512-DJ3lgFUAEWz6QUNXpmHn0SsdLxyp9+krPIy0Jl2P8e95II6j2+9u2a4C1ulI1owDKgyA0y0+ELAgjQ4W4j+ezQ==",
      "requires": {
        "@material/animation": "^0.41.0",
        "@material/base": "^0.41.0",
        "@material/floating-label": "^0.44.1",
        "@material/line-ripple": "^0.43.0",
        "@material/menu": "^0.44.1",
        "@material/menu-surface": "^0.44.1",
        "@material/notched-outline": "^0.44.1",
        "@material/ripple": "^0.44.1",
        "@material/rtl": "^0.42.0",
        "@material/shape": "^0.44.1",
        "@material/theme": "^0.43.0",
        "@material/typography": "^0.44.1"
      }
    },
    "@material/shape": {
      "version": "0.44.1",
      "resolved": "https://registry.npmjs.org/@material/shape/-/shape-0.44.1.tgz",
      "integrity": "sha512-8mCDQmyTEhDK+HX8Tap2Lc82QlVySlXU8zDCNkWoIn1ge+UnRezSDjE4y4P1ABegN5PrkJZPartuQ1U0ttIYXw==",
      "requires": {
        "@material/feature-targeting": "^0.44.1"
      }
    },
    "@material/theme": {
      "version": "0.43.0",
      "resolved": "https://registry.npmjs.org/@material/theme/-/theme-0.43.0.tgz",
      "integrity": "sha512-/zndZL6EihI18v2mYd4O8xvOBAAXmLeHyHVK28LozSAaJ9okQgD25wq5Ktk95oMTmPIC+rH66KcK6371ivNk8g=="
    },
    "@material/typography": {
      "version": "0.44.1",
      "resolved": "https://registry.npmjs.org/@material/typography/-/typography-0.44.1.tgz",
      "integrity": "sha512-wMXHusg+Lp5Fdgoj3m0c+Lt6GCeGSh3EPRtQ1TQ2bwdBa0et2FqBaQRgXoq3tVmr0O/7unTfa0DoXlh4nVp1wA==",
      "requires": {
        "@material/feature-targeting": "^0.44.1"
      }
    }
  }
}
